
Microsoft Visual Studio Solution File, Format Version 12.00
# Visual Studio 2012
Project("{FAE04EC0-301F-11D3-BF4B-00C04F79EFBC}") = "App1", "App1\App1.csproj", "{89D17404-0317-44FD-A2FB-96083212291A}"
EndProject
Global
	GlobalSection(SolutionConfigurationPlatforms) = preSolution
		Debug|Any CPU = Debug|Any CPU
		Release|Any CPU = Release|Any CPU
	EndGlobalSection
	GlobalSection(ProjectConfigurationPlatforms) = postSolution
		{89D17404-0317-44FD-A2FB-96083212291A}.Debug|Any CPU.ActiveCfg = Debug|Any CPU
		{89D17404-0317-44FD-A2FB-96083212291A}.Debug|Any CPU.Build.0 = Debug|Any CPU
		{89D17404-0317-44FD-A2FB-96083212291A}.Release|Any CPU.ActiveCfg = Release|Any CPU
		{89D17404-0317-44FD-A2FB-96083212291A}.Release|Any CPU.Build.0 = Release|Any CPU
	EndGlobalSection
EndGlobal
